
Microsoft Visual Studio Solution File, Format Version 12.00
# Visual Studio Version 16
VisualStudioVersion = 16.0.31205.134
MinimumVisualStudioVersion = 10.0.40219.1
Project("{FAE04EC0-301F-11D3-BF4B-00C04F79EFBC}") = "Menu_Selection", "Menu_Selection\Menu_Selection.csproj", "{545CDE14-FD36-46EC-8ED1-C748C97DDFC3}"
EndProject
Project("{FAE04EC0-301F-11D3-BF4B-00C04F79EFBC}") = "Menu_Selection.Tests", "Menu_Selection.Tests\Menu_Selection.Tests.csproj", "{45AC30E6-6C0D-4DDD-B564-87BCB9C2CF0B}"
EndProject
Global
	GlobalSection(SolutionConfigurationPlatforms) = preSolution
		Debug|Any CPU = Debug|Any CPU
		Release|Any CPU = Release|Any CPU
	EndGlobalSection
	GlobalSection(ProjectConfigurationPlatforms) = postSolution
		{545CDE14-FD36-46EC-8ED1-C748C97DDFC3}.Debug|Any CPU.ActiveCfg = Debug|Any CPU
		{545CDE14-FD36-46EC-8ED1-C748C97DDFC3}.Debug|Any CPU.Build.0 = Debug|Any CPU
		{545CDE14-FD36-46EC-8ED1-C748C97DDFC3}.Release|Any CPU.ActiveCfg = Release|Any CPU
		{545CDE14-FD36-46EC-8ED1-C748C97DDFC3}.Release|Any CPU.Build.0 = Release|Any CPU
		{45AC30E6-6C0D-4DDD-B564-87BCB9C2CF0B}.Debug|Any CPU.ActiveCfg = Debug|Any CPU
		{45AC30E6-6C0D-4DDD-B564-87BCB9C2CF0B}.Debug|Any CPU.Build.0 = Debug|Any CPU
		{45AC30E6-6C0D-4DDD-B564-87BCB9C2CF0B}.Release|Any CPU.ActiveCfg = Release|Any CPU
		{45AC30E6-6C0D-4DDD-B564-87BCB9C2CF0B}.Release|Any CPU.Build.0 = Release|Any CPU
	EndGlobalSection
	GlobalSection(SolutionProperties) = preSolution
		HideSolutionNode = FALSE
	EndGlobalSection
	GlobalSection(ExtensibilityGlobals) = postSolution
		SolutionGuid = {382B5CA4-405A-477F-A84E-977733D10DF5}
	EndGlobalSection
EndGlobal
